
Microsoft Visual Studio Solution File, Format Version 12.00
# Visual Studio Version 16
VisualStudioVersion = 16.0.31702.278
MinimumVisualStudioVersion = 10.0.40219.1
Project("{FAE04EC0-301F-11D3-BF4B-00C04F79EFBC}") = "abstract task", "abstract task\abstract task.csproj", "{3091A8B9-35C8-4387-B9FC-26537958954D}"
EndProject
Global
	GlobalSection(SolutionConfigurationPlatforms) = preSolution
		Debug|Any CPU = Debug|Any CPU
		Release|Any CPU = Release|Any CPU
	EndGlobalSection
	GlobalSection(ProjectConfigurationPlatforms) = postSolution
		{3091A8B9-35C8-4387-B9FC-26537958954D}.Debug|Any CPU.ActiveCfg = Debug|Any CPU
		{3091A8B9-35C8-4387-B9FC-26537958954D}.Debug|Any CPU.Build.0 = Debug|Any CPU
		{3091A8B9-35C8-4387-B9FC-26537958954D}.Release|Any CPU.ActiveCfg = Release|Any CPU
		{3091A8B9-35C8-4387-B9FC-26537958954D}.Release|Any CPU.Build.0 = Release|Any CPU
	EndGlobalSection
	GlobalSection(SolutionProperties) = preSolution
		HideSolutionNode = FALSE
	EndGlobalSection
	GlobalSection(ExtensibilityGlobals) = postSolution
		SolutionGuid = {4FFF5889-238D-492E-95C4-8180106CA3CD}
	EndGlobalSection
EndGlobal
